
Microsoft Visual Studio Solution File, Format Version 12.00
# Visual Studio 15
VisualStudioVersion = 15.0.27004.2009
MinimumVisualStudioVersion = 10.0.40219.1
Project("{FAE04EC0-301F-11D3-BF4B-00C04F79EFBC}") = "CoreLib", "CoreLib\CoreLib.csproj", "{A0E84D5E-BDC6-450E-BD60-F854E4939F5D}"
EndProject
Project("{FAE04EC0-301F-11D3-BF4B-00C04F79EFBC}") = "CS2X.Core", "CS2X.Core\CS2X.Core.csproj", "{0534A2AC-591D-4CC7-8452-5E9413DA1BEA}"
EndProject
Project("{FAE04EC0-301F-11D3-BF4B-00C04F79EFBC}") = "CS2X.CLI", "CS2X.CLI\CS2X.CLI.csproj", "{E9B936F4-E047-43E3-B899-AC72B7B3452D}"
EndProject
Project("{2150E333-8FDC-42A3-9474-1A3956D46DE8}") = "TestProjs", "TestProjs", "{A8923F2D-A934-42DF-93D2-B0322F5DEB0F}"
EndProject
Project("{FAE04EC0-301F-11D3-BF4B-00C04F79EFBC}") = "CS2X.Test", "CS2X.Test\CS2X.Test.csproj", "{1B8ECECE-AED7-457C-AC40-AFBF219BA549}"
EndProject
Project("{FAE04EC0-301F-11D3-BF4B-00C04F79EFBC}") = "TestLib", "TestLib\TestLib.csproj", "{1BC083AE-F70B-4B17-BBF6-3E51350B348B}"
EndProject
Project("{FAE04EC0-301F-11D3-BF4B-00C04F79EFBC}") = "TestApp", "TestApp\TestApp.csproj", "{AD14D11A-7BA0-4F30-B0E3-4BFA6A7D9229}"
EndProject
Global
	GlobalSection(SolutionConfigurationPlatforms) = preSolution
		Debug|Any CPU = Debug|Any CPU
		Release|Any CPU = Release|Any CPU
	EndGlobalSection
	GlobalSection(ProjectConfigurationPlatforms) = postSolution
		{A0E84D5E-BDC6-450E-BD60-F854E4939F5D}.Debug|Any CPU.ActiveCfg = Debug|Any CPU
		{A0E84D5E-BDC6-450E-BD60-F854E4939F5D}.Debug|Any CPU.Build.0 = Debug|Any CPU
		{A0E84D5E-BDC6-450E-BD60-F854E4939F5D}.Release|Any CPU.ActiveCfg = Release|Any CPU
		{A0E84D5E-BDC6-450E-BD60-F854E4939F5D}.Release|Any CPU.Build.0 = Release|Any CPU
		{0534A2AC-591D-4CC7-8452-5E9413DA1BEA}.Debug|Any CPU.ActiveCfg = Debug|Any CPU
		{0534A2AC-591D-4CC7-8452-5E9413DA1BEA}.Debug|Any CPU.Build.0 = Debug|Any CPU
		{0534A2AC-591D-4CC7-8452-5E9413DA1BEA}.Release|Any CPU.ActiveCfg = Release|Any CPU
		{0534A2AC-591D-4CC7-8452-5E9413DA1BEA}.Release|Any CPU.Build.0 = Release|Any CPU
		{E9B936F4-E047-43E3-B899-AC72B7B3452D}.Debug|Any CPU.ActiveCfg = Debug|Any CPU
		{E9B936F4-E047-43E3-B899-AC72B7B3452D}.Debug|Any CPU.Build.0 = Debug|Any CPU
		{E9B936F4-E047-43E3-B899-AC72B7B3452D}.Release|Any CPU.ActiveCfg = Release|Any CPU
		{E9B936F4-E047-43E3-B899-AC72B7B3452D}.Release|Any CPU.Build.0 = Release|Any CPU
		{1B8ECECE-AED7-457C-AC40-AFBF219BA549}.Debug|Any CPU.ActiveCfg = Debug|Any CPU
		{1B8ECECE-AED7-457C-AC40-AFBF219BA549}.Debug|Any CPU.Build.0 = Debug|Any CPU
		{1B8ECECE-AED7-457C-AC40-AFBF219BA549}.Release|Any CPU.ActiveCfg = Release|Any CPU
		{1B8ECECE-AED7-457C-AC40-AFBF219BA549}.Release|Any CPU.Build.0 = Release|Any CPU
		{1BC083AE-F70B-4B17-BBF6-3E51350B348B}.Debug|Any CPU.ActiveCfg = Debug|Any CPU
		{1BC083AE-F70B-4B17-BBF6-3E51350B348B}.Debug|Any CPU.Build.0 = Debug|Any CPU
		{1BC083AE-F70B-4B17-BBF6-3E51350B348B}.Release|Any CPU.ActiveCfg = Release|Any CPU
		{1BC083AE-F70B-4B17-BBF6-3E51350B348B}.Release|Any CPU.Build.0 = Release|Any CPU
		{AD14D11A-7BA0-4F30-B0E3-4BFA6A7D9229}.Debug|Any CPU.ActiveCfg = Debug|Any CPU
		{AD14D11A-7BA0-4F30-B0E3-4BFA6A7D9229}.Debug|Any CPU.Build.0 = Debug|Any CPU
		{AD14D11A-7BA0-4F30-B0E3-4BFA6A7D9229}.Release|Any CPU.ActiveCfg = Release|Any CPU
		{AD14D11A-7BA0-4F30-B0E3-4BFA6A7D9229}.Release|Any CPU.Build.0 = Release|Any CPU
	EndGlobalSection
	GlobalSection(SolutionProperties) = preSolution
		HideSolutionNode = FALSE
	EndGlobalSection
	GlobalSection(NestedProjects) = preSolution
		{1BC083AE-F70B-4B17-BBF6-3E51350B348B} = {A8923F2D-A934-42DF-93D2-B0322F5DEB0F}
		{AD14D11A-7BA0-4F30-B0E3-4BFA6A7D9229} = {A8923F2D-A934-42DF-93D2-B0322F5DEB0F}
	EndGlobalSection
	GlobalSection(ExtensibilityGlobals) = postSolution
		SolutionGuid = {68633995-7AB8-47A1-BDF5-E553870DE2B3}
	EndGlobalSection
EndGlobal
